
Microsoft Visual Studio Solution File, Format Version 12.00
# Visual Studio Version 17
VisualStudioVersion = 17.8.34309.116
MinimumVisualStudioVersion = 10.0.40219.1
Project("{8BC9CEB8-8B4A-11D0-8D11-00A0C91BC942}") = "C语言学习7", "C语言学习7\C语言学习7.vcxproj", "{009901AB-A5EC-499E-A676-8C8861E620B4}"
EndProject
Global
	GlobalSection(SolutionConfigurationPlatforms) = preSolution
		Debug|x64 = Debug|x64
		Debug|x86 = Debug|x86
		Release|x64 = Release|x64
		Release|x86 = Release|x86
	EndGlobalSection
	GlobalSection(ProjectConfigurationPlatforms) = postSolution
		{009901AB-A5EC-499E-A676-8C8861E620B4}.Debug|x64.ActiveCfg = Debug|x64
		{009901AB-A5EC-499E-A676-8C8861E620B4}.Debug|x64.Build.0 = Debug|x64
		{009901AB-A5EC-499E-A676-8C8861E620B4}.Debug|x86.ActiveCfg = Debug|Win32
		{009901AB-A5EC-499E-A676-8C8861E620B4}.Debug|x86.Build.0 = Debug|Win32
		{009901AB-A5EC-499E-A676-8C8861E620B4}.Release|x64.ActiveCfg = Release|x64
		{009901AB-A5EC-499E-A676-8C8861E620B4}.Release|x64.Build.0 = Release|x64
		{009901AB-A5EC-499E-A676-8C8861E620B4}.Release|x86.ActiveCfg = Release|Win32
		{009901AB-A5EC-499E-A676-8C8861E620B4}.Release|x86.Build.0 = Release|Win32
	EndGlobalSection
	GlobalSection(SolutionProperties) = preSolution
		HideSolutionNode = FALSE
	EndGlobalSection
	GlobalSection(ExtensibilityGlobals) = postSolution
		SolutionGuid = {962B3F75-B228-4E0B-A0B0-A3E915F923E5}
	EndGlobalSection
EndGlobal
